
Microsoft Visual Studio Solution File, Format Version 12.00
# Visual Studio Version 17
VisualStudioVersion = 17.13.35913.81 d17.13
MinimumVisualStudioVersion = 10.0.40219.1
Project("{FAE04EC0-301F-11D3-BF4B-00C04F79EFBC}") = "ResumeFilterApi", "ResumeFilterApi\ResumeFilterApi.csproj", "{817AF6C2-A9A5-4DE2-8E5C-4A9754414D99}"
EndProject
Global
	GlobalSection(SolutionConfigurationPlatforms) = preSolution
		Debug|Any CPU = Debug|Any CPU
		Release|Any CPU = Release|Any CPU
	EndGlobalSection
	GlobalSection(ProjectConfigurationPlatforms) = postSolution
		{817AF6C2-A9A5-4DE2-8E5C-4A9754414D99}.Debug|Any CPU.ActiveCfg = Debug|Any CPU
		{817AF6C2-A9A5-4DE2-8E5C-4A9754414D99}.Debug|Any CPU.Build.0 = Debug|Any CPU
		{817AF6C2-A9A5-4DE2-8E5C-4A9754414D99}.Release|Any CPU.ActiveCfg = Release|Any CPU
		{817AF6C2-A9A5-4DE2-8E5C-4A9754414D99}.Release|Any CPU.Build.0 = Release|Any CPU
	EndGlobalSection
	GlobalSection(SolutionProperties) = preSolution
		HideSolutionNode = FALSE
	EndGlobalSection
	GlobalSection(ExtensibilityGlobals) = postSolution
		SolutionGuid = {1672E328-AC68-443E-ABCE-0D6B5D0D2E7E}
	EndGlobalSection
EndGlobal
